
Microsoft Visual Studio Solution File, Format Version 12.00
# Visual Studio Version 16
VisualStudioVersion = 16.0.29230.47
MinimumVisualStudioVersion = 10.0.40219.1
Project("{2150E333-8FDC-42A3-9474-1A3956D46DE8}") = "01 - Testes de Unidade", "01 - Testes de Unidade", "{F8EAF2B1-6805-4F6B-9BCA-669E36937E7D}"
EndProject
Project("{2150E333-8FDC-42A3-9474-1A3956D46DE8}") = "2.2 - Features", "2.2 - Features", "{CF1BB50C-E91C-434E-9819-2DF50ECF9DC5}"
EndProject
Project("{9A19103F-16F7-4668-BE54-9A1E7A4F7556}") = "Features", "01 - Testes de Unidade\2.2 - Features\Features\Features.csproj", "{9D3F1594-CBE8-483E-BADB-1D177190A5FE}"
EndProject
Project("{9A19103F-16F7-4668-BE54-9A1E7A4F7556}") = "Features.Tests", "01 - Testes de Unidade\2.2 - Features\Features.Tests\Features.Tests.csproj", "{811BDF50-CC8A-458C-9203-217D15A769C3}"
EndProject
Global
	GlobalSection(SolutionConfigurationPlatforms) = preSolution
		Debug|Any CPU = Debug|Any CPU
		Release|Any CPU = Release|Any CPU
	EndGlobalSection
	GlobalSection(ProjectConfigurationPlatforms) = postSolution
		{9D3F1594-CBE8-483E-BADB-1D177190A5FE}.Debug|Any CPU.ActiveCfg = Debug|Any CPU
		{9D3F1594-CBE8-483E-BADB-1D177190A5FE}.Debug|Any CPU.Build.0 = Debug|Any CPU
		{9D3F1594-CBE8-483E-BADB-1D177190A5FE}.Release|Any CPU.ActiveCfg = Release|Any CPU
		{9D3F1594-CBE8-483E-BADB-1D177190A5FE}.Release|Any CPU.Build.0 = Release|Any CPU
		{811BDF50-CC8A-458C-9203-217D15A769C3}.Debug|Any CPU.ActiveCfg = Debug|Any CPU
		{811BDF50-CC8A-458C-9203-217D15A769C3}.Debug|Any CPU.Build.0 = Debug|Any CPU
		{811BDF50-CC8A-458C-9203-217D15A769C3}.Release|Any CPU.ActiveCfg = Release|Any CPU
		{811BDF50-CC8A-458C-9203-217D15A769C3}.Release|Any CPU.Build.0 = Release|Any CPU
	EndGlobalSection
	GlobalSection(SolutionProperties) = preSolution
		HideSolutionNode = FALSE
	EndGlobalSection
	GlobalSection(NestedProjects) = preSolution
		{CF1BB50C-E91C-434E-9819-2DF50ECF9DC5} = {F8EAF2B1-6805-4F6B-9BCA-669E36937E7D}
		{9D3F1594-CBE8-483E-BADB-1D177190A5FE} = {CF1BB50C-E91C-434E-9819-2DF50ECF9DC5}
		{811BDF50-CC8A-458C-9203-217D15A769C3} = {CF1BB50C-E91C-434E-9819-2DF50ECF9DC5}
	EndGlobalSection
	GlobalSection(ExtensibilityGlobals) = postSolution
		SolutionGuid = {D4D93016-A9B3-4C5E-AFF8-3DFBA745DB31}
	EndGlobalSection
EndGlobal
